
Microsoft Visual Studio Solution File, Format Version 12.00
# Visual Studio Version 16
VisualStudioVersion = 16.0.30420.98
MinimumVisualStudioVersion = 10.0.40219.1
Project("{9A19103F-16F7-4668-BE54-9A1E7A4F7556}") = "BLL", "BLL.csproj", "{85BF0322-39B6-4CCC-93E0-BD2D279D1698}"
EndProject
Project("{9A19103F-16F7-4668-BE54-9A1E7A4F7556}") = "Console", "..\Console\Console.csproj", "{A7821926-2D0A-4E8A-B8E1-BEE3B6B1A5C8}"
EndProject
Global
	GlobalSection(SolutionConfigurationPlatforms) = preSolution
		Debug|Any CPU = Debug|Any CPU
		Release|Any CPU = Release|Any CPU
	EndGlobalSection
	GlobalSection(ProjectConfigurationPlatforms) = postSolution
		{85BF0322-39B6-4CCC-93E0-BD2D279D1698}.Debug|Any CPU.ActiveCfg = Debug|Any CPU
		{85BF0322-39B6-4CCC-93E0-BD2D279D1698}.Debug|Any CPU.Build.0 = Debug|Any CPU
		{85BF0322-39B6-4CCC-93E0-BD2D279D1698}.Release|Any CPU.ActiveCfg = Release|Any CPU
		{85BF0322-39B6-4CCC-93E0-BD2D279D1698}.Release|Any CPU.Build.0 = Release|Any CPU
		{A7821926-2D0A-4E8A-B8E1-BEE3B6B1A5C8}.Debug|Any CPU.ActiveCfg = Debug|Any CPU
		{A7821926-2D0A-4E8A-B8E1-BEE3B6B1A5C8}.Debug|Any CPU.Build.0 = Debug|Any CPU
		{A7821926-2D0A-4E8A-B8E1-BEE3B6B1A5C8}.Release|Any CPU.ActiveCfg = Release|Any CPU
		{A7821926-2D0A-4E8A-B8E1-BEE3B6B1A5C8}.Release|Any CPU.Build.0 = Release|Any CPU
	EndGlobalSection
	GlobalSection(SolutionProperties) = preSolution
		HideSolutionNode = FALSE
	EndGlobalSection
	GlobalSection(ExtensibilityGlobals) = postSolution
		SolutionGuid = {18E41381-1985-4EB8-806E-A162FF3144F2}
	EndGlobalSection
EndGlobal
